<?xml version="1.0" encoding="UTF-8"?>
<!DOCTYPE plist PUBLIC "-//Apple//DTD PLIST 1.0//EN" "http://www.apple.com/DTDs/PropertyList-1.0.dtd">
<plist version="1.0">
<dict>
	<key>archiveVersion</key>
	<string>1</string>
	<key>classes</key>
	<dict/>
	<key>objectVersion</key>
	<string>56</string>
	<key>objects</key>
	<dict>
		<key>0035FE99EA2940F7FA633A58</key>
		<dict>
			<key>children</key>
			<array>
				<string>639084A386D9607420E5FFBC</string>
				<string>3B1C08563E69E529A35372C1</string>
				<string>1021D66D9898DEACE5BAF62B</string>
				<string>EC0766260DC2AED79D7B91DD</string>
			</array>
			<key>isa</key>
			<string>PBXGroup</string>
			<key>sourceTree</key>
			<string>&lt;group&gt;</string>
		</dict>
		<key>007F851AEE92320AC5E94F15</key>
		<dict>
			<key>children</key>
			<array>
				<string>F27541423C4302241868876D</string>
			</array>
			<key>isa</key>
			<string>PBXGroup</string>
			<key>name</key>
			<string>GroktoDashWidgets</string>
			<key>path</key>
			<string>Sources/GroktoDashWidgets</string>
			<key>sourceTree</key>
			<string>SOURCE_ROOT</string>
		</dict>
		<key>01837A1232858F4F4781CA42</key>
		<dict>
			<key>buildActionMask</key>
			<integer>2147483647</integer>
			<key>files</key>
			<array>
				<string>18F132782A3AE88D19E7B000</string>
				<string>A9F8ED16CD97B63D8A12A4E4</string>
				<string>4BE86D9763775ACB2B3814CA</string>
				<string>A3B9283A4D49B958B1668345</string>
				<string>3CC1843BF0DE14487E7BDA51</string>
				<string>405F25E1E1DC43FC93038551</string>
				<string>83908EC1118205F53012A2C5</string>
				<string>32C810425E3DB7F09BCDD5BE</string>
				<string>90C1C9D5D2830E389DF8F965</string>
				<string>A0FC841603DB522BDA8FEF17</string>
				<string>59A1B5ED847BB473AA75AFCE</string>
				<string>7DAA2EAE7DFDF85641034438</string>
				<string>D5A1635414CE37973EBE4A97</string>
				<string>3094193EAEA8CC398717EE87</string>
				<string>43F45CDCB52C90F126AF478D</string>
				<string>8D73C1CE943925FD33287BF3</string>
			</array>
			<key>isa</key>
			<string>PBXSourcesBuildPhase</string>
			<key>runOnlyForDeploymentPostprocessing</key>
			<integer>0</integer>
		</dict>
		<key>0F7A650F857B0413C8D9A753</key>
		<dict>
			<key>buildConfigurations</key>
			<array>
				<string>26C427FCDCF5C7FEF6723D7B</string>
				<string>4D571168822A27E586E1906F</string>
			</array>
			<key>defaultConfigurationIsVisible</key>
			<integer>0</integer>
			<key>defaultConfigurationName</key>
			<string>Release</string>
			<key>isa</key>
			<string>XCConfigurationList</string>
		</dict>
		<key>1021D66D9898DEACE5BAF62B</key>
		<dict>
			<key>children</key>
			<array>
				<string>731B62F2DF2038F14AF44854</string>
				<string>EE3D50FE1BCEE40FCA3F4A76</string>
				<string>1E9953528E428D9518FD19AA</string>
				<string>CD0083DB771BA5E01041CC77</string>
				<string>78EDE1CBFC2B1C6AE070C75C</string>
				<string>4F2B71438EFCA05B893BE111</string>
			</array>
			<key>isa</key>
			<string>PBXGroup</string>
			<key>name</key>
			<string>Config</string>
			<key>path</key>
			<string>Config</string>
			<key>sourceTree</key>
			<string>SOURCE_ROOT</string>
		</dict>
		<key>13027B5EAD972072A48B8FD7</key>
		<dict>
			<key>fileEncoding</key>
			<integer>4</integer>
			<key>isa</key>
			<string>PBXFileReference</string>
			<key>lastKnownFileType</key>
			<string>sourcecode.swift</string>
			<key>path</key>
			<string>Tests/GroktoDashKitTests/AuthManagerTests.swift</string>
			<key>sourceTree</key>
			<string>SOURCE_ROOT</string>
		</dict>
		<key>139FC5F89E4E553B8800C31E</key>
		<dict>
			<key>fileEncoding</key>
			<integer>4</integer>
			<key>isa</key>
			<string>PBXFileReference</string>
			<key>lastKnownFileType</key>
			<string>sourcecode.swift</string>
			<key>path</key>
			<string>Sources/GroktoDash/UI/Chat/MessageBubbleView.swift</string>
			<key>sourceTree</key>
			<string>SOURCE_ROOT</string>
		</dict>
		<key>1471AE82A17653D8C4624145</key>
		<dict>
			<key>fileRef</key>
			<string>40E65BE2D3F7399154393E39</string>
			<key>isa</key>
			<string>PBXBuildFile</string>
		</dict>
		<key>163EFDDF5365D038ADFD7045</key>
		<dict>
			<key>containerPortal</key>
			<string>EC553E7FBC3AD0AD7AB94BDF</string>
			<key>isa</key>
			<string>PBXContainerItemProxy</string>
			<key>proxyType</key>
			<integer>1</integer>
			<key>remoteGlobalIDString</key>
			<string>CE71573EA9DD75B2876091DE</string>
			<key>remoteInfo</key>
			<string>GroktoDashKit</string>
		</dict>
		<key>18F132782A3AE88D19E7B000</key>
		<dict>
			<key>fileRef</key>
			<string>1D7C5D9D4AD29B6D597358FB</string>
			<key>isa</key>
			<string>PBXBuildFile</string>
		</dict>
		<key>19C7CC36FF0572098D78D0F7</key>
		<dict>
			<key>children</key>
			<array>
				<string>DEE2B47CD1693D5A4A9F19BF</string>
			</array>
			<key>isa</key>
			<string>PBXGroup</string>
			<key>name</key>
			<string>GroktoDashKit</string>
			<key>path</key>
			<string>Sources/GroktoDashKit</string>
			<key>sourceTree</key>
			<string>SOURCE_ROOT</string>
		</dict>
		<key>1D7C5D9D4AD29B6D597358FB</key>
		<dict>
			<key>fileEncoding</key>
			<integer>4</integer>
			<key>isa</key>
			<string>PBXFileReference</string>
			<key>lastKnownFileType</key>
			<string>sourcecode.swift</string>
			<key>path</key>
			<string>Sources/GroktoDash/GroktoDashApp.swift</string>
			<key>sourceTree</key>
			<string>SOURCE_ROOT</string>
		</dict>
		<key>1D9CA6DB068E9CE47073771F</key>
		<dict>
			<key>fileRef</key>
			<string>B7A901CEB99A1DB585DB0FCE</string>
			<key>isa</key>
			<string>PBXBuildFile</string>
		</dict>
		<key>1E660E3A8E4D8DFDB46E1165</key>
		<dict>
			<key>buildActionMask</key>
			<integer>2147483647</integer>
			<key>files</key>
			<array/>
			<key>isa</key>
			<string>PBXResourcesBuildPhase</string>
			<key>runOnlyForDeploymentPostprocessing</key>
			<integer>0</integer>
		</dict>
		<key>1E9953528E428D9518FD19AA</key>
		<dict>
			<key>isa</key>
			<string>PBXFileReference</string>
			<key>lastKnownFileType</key>
			<string>text.plist.entitlements</string>
			<key>name</key>
			<string>GroktoDashWidgets.entitlements</string>
			<key>path</key>
			<string>Config/GroktoDashWidgets.entitlements</string>
			<key>sourceTree</key>
			<string>SOURCE_ROOT</string>
		</dict>
		<key>1F5EF58AC64724757FD6BE7B</key>
		<dict>
			<key>children</key>
			<array>
				<string>1D7C5D9D4AD29B6D597358FB</string>
				<string>31B0B8BC899210B3C55BABE9</string>
				<string>7694D4DD84EC4F1609E35578</string>
				<string>D69F1A294CA675C4B4122BEE</string>
			</array>
			<key>isa</key>
			<string>PBXGroup</string>
			<key>name</key>
			<string>GroktoDash</string>
			<key>path</key>
			<string>Sources/GroktoDash</string>
			<key>sourceTree</key>
			<string>SOURCE_ROOT</string>
		</dict>
		<key>210D9D6A9E79EA2D677C937A</key>
		<dict>
			<key>fileRef</key>
			<string>8153362A7ACDFB518F6D33E1</string>
			<key>isa</key>
			<string>PBXBuildFile</string>
		</dict>
		<key>259C3ADD413FB37B8AB7A647</key>
		<dict>
			<key>buildConfigurationList</key>
			<string>28426ED2EF749AE71903A418</string>
			<key>buildPhases</key>
			<array>
				<string>F22131082D19254ECE752CCF</string>
				<string>D130ABC8275D344E59E62499</string>
				<string>1E660E3A8E4D8DFDB46E1165</string>
			</array>
			<key>buildRules</key>
			<array/>
			<key>dependencies</key>
			<array/>
			<key>isa</key>
			<string>PBXNativeTarget</string>
			<key>name</key>
			<string>GroktoDashKitTests</string>
			<key>productName</key>
			<string>GroktoDashKitTests</string>
			<key>productReference</key>
			<string>7D96A3419C52589F586E7F61</string>
			<key>productType</key>
			<string>com.apple.product-type.bundle.unit-test</string>
		</dict>
		<key>26C427FCDCF5C7FEF6723D7B</key>
		<dict>
			<key>buildSettings</key>
			<dict>
				<key>CODE_SIGN_STYLE</key>
				<string>Automatic</string>
				<key>DEFINES_MODULE</key>
				<string>YES</string>
				<key>DEVELOPMENT_TEAM</key>
				<string></string>
				<key>DYLIB_INSTALL_NAME_BASE</key>
				<string>@rpath</string>
				<key>GENERATE_INFOPLIST_FILE</key>
				<string>YES</string>
				<key>INFOPLIST_KEY_NSHumanReadableCopyright</key>
				<string>MIT License</string>
				<key>MACOSX_DEPLOYMENT_TARGET</key>
				<string>26.0</string>
				<key>PRODUCT_BUNDLE_IDENTIFIER</key>
				<string>com.groktopus.groktodash.kit</string>
				<key>PRODUCT_NAME</key>
				<string>GroktoDashKit</string>
				<key>PROVISIONING_PROFILE_SPECIFIER</key>
				<string></string>
				<key>SKIP_INSTALL</key>
				<string>YES</string>
				<key>SWIFT_ACTIVE_COMPILATION_CONDITIONS</key>
				<string>DEBUG</string>
				<key>SWIFT_OPTIMIZATION_LEVEL</key>
				<string>-Onone</string>
				<key>SWIFT_VERSION</key>
				<string>6.0</string>
			</dict>
			<key>isa</key>
			<string>XCBuildConfiguration</string>
			<key>name</key>
			<string>Debug</string>
		</dict>
		<key>275126B31A5CC0CFC4AECCF3</key>
		<dict>
			<key>fileEncoding</key>
			<integer>4</integer>
			<key>isa</key>
			<string>PBXFileReference</string>
			<key>lastKnownFileType</key>
			<string>sourcecode.swift</string>
			<key>path</key>
			<string>Sources/GroktoDash/UI/Runs/RunTimelineView.swift</string>
			<key>sourceTree</key>
			<string>SOURCE_ROOT</string>
		</dict>
		<key>28426ED2EF749AE71903A418</key>
		<dict>
			<key>buildConfigurations</key>
			<array>
				<string>2C1B8462A5F19447BA9748A9</string>
				<string>A052F24A896840AAD2DA8A25</string>
			</array>
			<key>defaultConfigurationIsVisible</key>
			<integer>0</integer>
			<key>defaultConfigurationName</key>
			<string>Release</string>
			<key>isa</key>
			<string>XCConfigurationList</string>
		</dict>
		<key>2C1B8462A5F19447BA9748A9</key>
		<dict>
			<key>buildSettings</key>
			<dict>
				<key>CODE_SIGN_STYLE</key>
				<string>Automatic</string>
				<key>DEVELOPMENT_TEAM</key>
				<string></string>
				<key>MACOSX_DEPLOYMENT_TARGET</key>
				<string>26.0</string>
				<key>PRODUCT_BUNDLE_IDENTIFIER</key>
				<string>com.groktopus.groktodash.tests</string>
				<key>PRODUCT_NAME</key>
				<string>GroktoDashKitTests</string>
				<key>PROVISIONING_PROFILE_SPECIFIER</key>
				<string></string>
				<key>SWIFT_ACTIVE_COMPILATION_CONDITIONS</key>
				<string>DEBUG</string>
				<key>SWIFT_OPTIMIZATION_LEVEL</key>
				<string>-Onone</string>
				<key>SWIFT_VERSION</key>
				<string>6.0</string>
			</dict>
			<key>isa</key>
			<string>XCBuildConfiguration</string>
			<key>name</key>
			<string>Debug</string>
		</dict>
		<key>2D2E19073E5EDC49C3A6EBDD</key>
		<dict>
			<key>buildSettings</key>
			<dict>
				<key>CODE_SIGN_ENTITLEMENTS</key>
				<string>Config/GroktoDashIntents.entitlements</string>
				<key>CODE_SIGN_STYLE</key>
				<string>Automatic</string>
				<key>DEVELOPMENT_TEAM</key>
				<string></string>
				<key>INFOPLIST_FILE</key>
				<string>Config/IntentsExtension-Info.plist</string>
				<key>MACOSX_DEPLOYMENT_TARGET</key>
				<string>26.0</string>
				<key>PRODUCT_BUNDLE_IDENTIFIER</key>
				<string>com.groktopus.groktodash.intents</string>
				<key>PRODUCT_NAME</key>
				<string>GroktoDashIntents</string>
				<key>PROVISIONING_PROFILE_SPECIFIER</key>
				<string></string>
				<key>SWIFT_ACTIVE_COMPILATION_CONDITIONS</key>
				<string>DEBUG</string>
				<key>SWIFT_OPTIMIZATION_LEVEL</key>
				<string>-Onone</string>
				<key>SWIFT_VERSION</key>
				<string>6.0</string>
			</dict>
			<key>isa</key>
			<string>XCBuildConfiguration</string>
			<key>name</key>
			<string>Debug</string>
		</dict>
		<key>2FF60E9BEE7A39D9B783E386</key>
		<dict>
			<key>fileRef</key>
			<string>D32C4243F3D24DCC7003E5A6</string>
			<key>isa</key>
			<string>PBXBuildFile</string>
		</dict>
		<key>3094193EAEA8CC398717EE87</key>
		<dict>
			<key>fileRef</key>
			<string>D7E45C6762140337E37F6ABD</string>
			<key>isa</key>
			<string>PBXBuildFile</string>
		</dict>
		<key>31B0B8BC899210B3C55BABE9</key>
		<dict>
			<key>children</key>
			<array/>
			<key>isa</key>
			<string>PBXGroup</string>
			<key>name</key>
			<string>UI</string>
			<key>path</key>
			<string>Sources/GroktoDash/UI</string>
			<key>sourceTree</key>
			<string>SOURCE_ROOT</string>
		</dict>
		<key>32C810425E3DB7F09BCDD5BE</key>
		<dict>
			<key>fileRef</key>
			<string>F3A030CFA7C417A1DC124B13</string>
			<key>isa</key>
			<string>PBXBuildFile</string>
		</dict>
		<key>33B39E8AEC15B0D705B5A05D</key>
		<dict>
			<key>fileEncoding</key>
			<integer>4</integer>
			<key>isa</key>
			<string>PBXFileReference</string>
			<key>lastKnownFileType</key>
			<string>sourcecode.swift</string>
			<key>path</key>
			<string>Tests/GroktoDashKitTests/SSESessionTests.swift</string>
			<key>sourceTree</key>
			<string>SOURCE_ROOT</string>
		</dict>
		<key>35ACAC1BA15D4B6F1AD12A86</key>
		<dict>
			<key>containerPortal</key>
			<string>EC553E7FBC3AD0AD7AB94BDF</string>
			<key>isa</key>
			<string>PBXContainerItemProxy</string>
			<key>proxyType</key>
			<integer>1</integer>
			<key>remoteGlobalIDString</key>
			<string>CE71573EA9DD75B2876091DE</string>
			<key>remoteInfo</key>
			<string>GroktoDashKit</string>
		</dict>
		<key>38936D2AD97B11FFBB5E8ADD</key>
		<dict>
			<key>buildSettings</key>
			<dict>
				<key>CODE_SIGN_ENTITLEMENTS</key>
				<string>Config/GroktoDashWidgets.entitlements</string>
				<key>CODE_SIGN_STYLE</key>
				<string>Automatic</string>
				<key>DEVELOPMENT_TEAM</key>
				<string></string>
				<key>INFOPLIST_FILE</key>
				<string>Config/WidgetExtension-Info.plist</string>
				<key>MACOSX_DEPLOYMENT_TARGET</key>
				<string>26.0</string>
				<key>PRODUCT_BUNDLE_IDENTIFIER</key>
				<string>com.groktopus.groktodash.widgets</string>
				<key>PRODUCT_NAME</key>
				<string>GroktoDashWidgets</string>
				<key>PROVISIONING_PROFILE_SPECIFIER</key>
				<string></string>
				<key>SWIFT_OPTIMIZATION_LEVEL</key>
				<string>-O</string>
				<key>SWIFT_VERSION</key>
				<string>6.0</string>
			</dict>
			<key>isa</key>
			<string>XCBuildConfiguration</string>
			<key>name</key>
			<string>Release</string>
		</dict>
		<key>3A140DA2283DE8A885CE6EEC</key>
		<dict>
			<key>buildSettings</key>
			<dict>
				<key>CODE_SIGN_ENTITLEMENTS</key>
				<string>Config/GroktoDash.entitlements</string>
				<key>CODE_SIGN_STYLE</key>
				<string>Automatic</string>
				<key>DEVELOPMENT_TEAM</key>
				<string></string>
				<key>ENABLE_HARDENED_RUNTIME</key>
				<string>YES</string>
				<key>INFOPLIST_FILE</key>
				<string>Config/Info.plist</string>
				<key>LD_RUNPATH_SEARCH_PATHS</key>
				<array>
					<string>@executable_path/../Frameworks</string>
					<string>@loader_path/../Frameworks</string>
				</array>
				<key>MACOSX_DEPLOYMENT_TARGET</key>
				<string>26.0</string>
				<key>PRODUCT_BUNDLE_IDENTIFIER</key>
				<string>com.groktopus.groktodash</string>
				<key>PRODUCT_NAME</key>
				<string>GroktoDash</string>
				<key>PROVISIONING_PROFILE_SPECIFIER</key>
				<string></string>
				<key>SWIFT_ACTIVE_COMPILATION_CONDITIONS</key>
				<string>DEBUG</string>
				<key>SWIFT_OPTIMIZATION_LEVEL</key>
				<string>-Onone</string>
				<key>SWIFT_VERSION</key>
				<string>6.0</string>
			</dict>
			<key>isa</key>
			<string>XCBuildConfiguration</string>
			<key>name</key>
			<string>Debug</string>
		</dict>
		<key>3B1C08563E69E529A35372C1</key>
		<dict>
			<key>children</key>
			<array>
				<string>B63945C279F240FD246B319D</string>
			</array>
			<key>isa</key>
			<string>PBXGroup</string>
			<key>name</key>
			<string>Tests</string>
			<key>path</key>
			<string>Tests</string>
			<key>sourceTree</key>
			<string>SOURCE_ROOT</string>
		</dict>
		<key>3B769F161BCF79EA93DB2321</key>
		<dict>
			<key>fileRef</key>
			<string>13027B5EAD972072A48B8FD7</string>
			<key>isa</key>
			<string>PBXBuildFile</string>
		</dict>
		<key>3CC1843BF0DE14487E7BDA51</key>
		<dict>
			<key>fileRef</key>
			<string>139FC5F89E4E553B8800C31E</string>
			<key>isa</key>
			<string>PBXBuildFile</string>
		</dict>
		<key>405F25E1E1DC43FC93038551</key>
		<dict>
			<key>fileRef</key>
			<string>88784528FF963F9DCF8B58B5</string>
			<key>isa</key>
			<string>PBXBuildFile</string>
		</dict>
		<key>40E65BE2D3F7399154393E39</key>
		<dict>
			<key>explicitFileType</key>
			<string>wrapper.framework</string>
			<key>includeInIndex</key>
			<integer>0</integer>
			<key>isa</key>
			<string>PBXFileReference</string>
			<key>path</key>
			<string>GroktoDashKit.framework</string>
			<key>sourceTree</key>
			<string>BUILT_PRODUCTS_DIR</string>
		</dict>
		<key>43F45CDCB52C90F126AF478D</key>
		<dict>
			<key>fileRef</key>
			<string>72AEE0AE4D264862B45FEF93</string>
			<key>isa</key>
			<string>PBXBuildFile</string>
		</dict>
		<key>45697C5655A9D264FB5F79EB</key>
		<dict>
			<key>buildActionMask</key>
			<integer>2147483647</integer>
			<key>files</key>
			<array>
				<string>E5A9B67B25248CAE819A0FA1</string>
			</array>
			<key>isa</key>
			<string>PBXSourcesBuildPhase</string>
			<key>runOnlyForDeploymentPostprocessing</key>
			<integer>0</integer>
		</dict>
		<key>4BE86D9763775ACB2B3814CA</key>
		<dict>
			<key>fileRef</key>
			<string>EBC0E86BE06983EA58B7AE49</string>
			<key>isa</key>
			<string>PBXBuildFile</string>
		</dict>
		<key>4D11F708C5986F34CBD18347</key>
		<dict>
			<key>fileRef</key>
			<string>D5D314E325126FEB5B655F38</string>
			<key>isa</key>
			<string>PBXBuildFile</string>
		</dict>
		<key>4D571168822A27E586E1906F</key>
		<dict>
			<key>buildSettings</key>
			<dict>
				<key>CODE_SIGN_STYLE</key>
				<string>Automatic</string>
				<key>DEFINES_MODULE</key>
				<string>YES</string>
				<key>DEVELOPMENT_TEAM</key>
				<string></string>
				<key>DYLIB_INSTALL_NAME_BASE</key>
				<string>@rpath</string>
				<key>GENERATE_INFOPLIST_FILE</key>
				<string>YES</string>
				<key>INFOPLIST_KEY_NSHumanReadableCopyright</key>
				<string>MIT License</string>
				<key>MACOSX_DEPLOYMENT_TARGET</key>
				<string>26.0</string>
				<key>PRODUCT_BUNDLE_IDENTIFIER</key>
				<string>com.groktopus.groktodash.kit</string>
				<key>PRODUCT_NAME</key>
				<string>GroktoDashKit</string>
				<key>PROVISIONING_PROFILE_SPECIFIER</key>
				<string></string>
				<key>SKIP_INSTALL</key>
				<string>YES</string>
				<key>SWIFT_OPTIMIZATION_LEVEL</key>
				<string>-O</string>
				<key>SWIFT_VERSION</key>
				<string>6.0</string>
			</dict>
			<key>isa</key>
			<string>XCBuildConfiguration</string>
			<key>name</key>
			<string>Release</string>
		</dict>
		<key>4E194D57AA52CC7E25164F56</key>
		<dict>
			<key>buildActionMask</key>
			<integer>2147483647</integer>
			<key>files</key>
			<array>
				<string>1471AE82A17653D8C4624145</string>
			</array>
			<key>isa</key>
			<string>PBXFrameworksBuildPhase</string>
			<key>runOnlyForDeploymentPostprocessing</key>
			<integer>0</integer>
		</dict>
		<key>4F2B71438EFCA05B893BE111</key>
		<dict>
			<key>isa</key>
			<string>PBXFileReference</string>
			<key>lastKnownFileType</key>
			<string>text.plist.xml</string>
			<key>name</key>
			<string>IntentsExtension-Info.plist</string>
			<key>path</key>
			<string>Config/IntentsExtension-Info.plist</string>
			<key>sourceTree</key>
			<string>SOURCE_ROOT</string>
		</dict>
		<key>504FA684CB8E564DC9328C96</key>
		<dict>
			<key>fileRef</key>
			<string>40E65BE2D3F7399154393E39</string>
			<key>isa</key>
			<string>PBXBuildFile</string>
		</dict>
		<key>5217B77493A0F550212908AD</key>
		<dict>
			<key>children</key>
			<array>
				<string>BA5ED1712EC560D2246D9AC1</string>
			</array>
			<key>isa</key>
			<string>PBXGroup</string>
			<key>name</key>
			<string>Conversations</string>
			<key>path</key>
			<string>Sources/GroktoDash/UI/Conversations</string>
			<key>sourceTree</key>
			<string>SOURCE_ROOT</string>
		</dict>
		<key>53BC895137D50B2993A800FF</key>
		<dict>
			<key>buildActionMask</key>
			<integer>2147483647</integer>
			<key>files</key>
			<array>
				<string>2FF60E9BEE7A39D9B783E386</string>
				<string>95ACA276582B8D240A91DD0D</string>
				<string>4D11F708C5986F34CBD18347</string>
				<string>EB6D1533EDB8EB6B55A1CE69</string>
			</array>
			<key>isa</key>
			<string>PBXSourcesBuildPhase</string>
			<key>runOnlyForDeploymentPostprocessing</key>
			<integer>0</integer>
		</dict>
		<key>59A1B5ED847BB473AA75AFCE</key>
		<dict>
			<key>fileRef</key>
			<string>B88B6BE2C9E130641768BEAA</string>
			<key>isa</key>
			<string>PBXBuildFile</string>
		</dict>
		<key>639084A386D9607420E5FFBC</key>
		<dict>
			<key>children</key>
			<array>
				<string>19C7CC36FF0572098D78D0F7</string>
				<string>1F5EF58AC64724757FD6BE7B</string>
				<string>007F851AEE92320AC5E94F15</string>
				<string>96B82B04F2E94B2C5CA4D962</string>
			</array>
			<key>isa</key>
			<string>PBXGroup</string>
			<key>name</key>
			<string>Sources</string>
			<key>sourceTree</key>
			<string>SOURCE_ROOT</string>
		</dict>
		<key>63C656737E8421638A464B9B</key>
		<dict>
			<key>fileEncoding</key>
			<integer>4</integer>
			<key>isa</key>
			<string>PBXFileReference</string>
			<key>lastKnownFileType</key>
			<string>sourcecode.swift</string>
			<key>path</key>
			<string>Tests/GroktoDashKitTests/ModelsTests.swift</string>
			<key>sourceTree</key>
			<string>SOURCE_ROOT</string>
		</dict>
		<key>63DC17C4D44EE579D06C4591</key>
		<dict>
			<key>buildSettings</key>
			<dict>
				<key>CODE_SIGN_ENTITLEMENTS</key>
				<string>Config/GroktoDashWidgets.entitlements</string>
				<key>CODE_SIGN_STYLE</key>
				<string>Automatic</string>
				<key>DEVELOPMENT_TEAM</key>
				<string></string>
				<key>INFOPLIST_FILE</key>
				<string>Config/WidgetExtension-Info.plist</string>
				<key>MACOSX_DEPLOYMENT_TARGET</key>
				<string>26.0</string>
				<key>PRODUCT_BUNDLE_IDENTIFIER</key>
				<string>com.groktopus.groktodash.widgets</string>
				<key>PRODUCT_NAME</key>
				<string>GroktoDashWidgets</string>
				<key>PROVISIONING_PROFILE_SPECIFIER</key>
				<string></string>
				<key>SWIFT_ACTIVE_COMPILATION_CONDITIONS</key>
				<string>DEBUG</string>
				<key>SWIFT_OPTIMIZATION_LEVEL</key>
				<string>-Onone</string>
				<key>SWIFT_VERSION</key>
				<string>6.0</string>
			</dict>
			<key>isa</key>
			<string>XCBuildConfiguration</string>
			<key>name</key>
			<string>Debug</string>
		</dict>
		<key>687469AC52203AA2B76465DB</key>
		<dict>
			<key>buildSettings</key>
			<dict>
				<key>CODE_SIGN_STYLE</key>
				<string>Automatic</string>
				<key>DEVELOPMENT_TEAM</key>
				<string></string>
				<key>MACOSX_DEPLOYMENT_TARGET</key>
				<string>26.0</string>
				<key>PROVISIONING_PROFILE_SPECIFIER</key>
				<string></string>
				<key>SWIFT_VERSION</key>
				<string>6.0</string>
			</dict>
			<key>isa</key>
			<string>XCBuildConfiguration</string>
			<key>name</key>
			<string>Debug</string>
		</dict>
		<key>69636026700CD684940CEB47</key>
		<dict>
			<key>fileRef</key>
			<string>63C656737E8421638A464B9B</string>
			<key>isa</key>
			<string>PBXBuildFile</string>
		</dict>
		<key>699847EE2023A1160FF52684</key>
		<dict>
			<key>isa</key>
			<string>PBXTargetDependency</string>
			<key>target</key>
			<string>C990DAA2F3B81D5F3CD63645</string>
			<key>targetProxy</key>
			<string>95633DE9FB9036E1DDDABFB1</string>
		</dict>
		<key>6C0B5705396691FF1CB180B5</key>
		<dict>
			<key>isa</key>
			<string>PBXTargetDependency</string>
			<key>target</key>
			<string>CE71573EA9DD75B2876091DE</string>
			<key>targetProxy</key>
			<string>163EFDDF5365D038ADFD7045</string>
		</dict>
		<key>7218CE17ADBDCFB1E732BBE4</key>
		<dict>
			<key>buildActionMask</key>
			<integer>2147483647</integer>
			<key>files</key>
			<array/>
			<key>isa</key>
			<string>PBXFrameworksBuildPhase</string>
			<key>runOnlyForDeploymentPostprocessing</key>
			<integer>0</integer>
		</dict>
		<key>7271E4DA9FB2ABA18A494009</key>
		<dict>
			<key>buildConfigurationList</key>
			<string>A776CD1A952D814C416CAB94</string>
			<key>buildPhases</key>
			<array>
				<string>01837A1232858F4F4781CA42</string>
				<string>4E194D57AA52CC7E25164F56</string>
				<string>C345455C5295E828210B7ABB</string>
				<string>F5C2C131B412C2486643C15E</string>
				<string>F054627E4EDAA7CF3593EA53</string>
			</array>
			<key>buildRules</key>
			<array/>
			<key>dependencies</key>
			<array>
				<string>A1676C08031EA84D34496A92</string>
				<string>699847EE2023A1160FF52684</string>
				<string>6C0B5705396691FF1CB180B5</string>
			</array>
			<key>isa</key>
			<string>PBXNativeTarget</string>
			<key>name</key>
			<string>GroktoDash</string>
			<key>productName</key>
			<string>GroktoDash</string>
			<key>productReference</key>
			<string>D3E21C82EA9F9337CFB2A55F</string>
			<key>productType</key>
			<string>com.apple.product-type.application</string>
		</dict>
		<key>72AEE0AE4D264862B45FEF93</key>
		<dict>
			<key>fileEncoding</key>
			<integer>4</integer>
			<key>isa</key>
			<string>PBXFileReference</string>
			<key>lastKnownFileType</key>
			<string>sourcecode.swift</string>
			<key>path</key>
			<string>Sources/GroktoDash/Services/EventBus.swift</string>
			<key>sourceTree</key>
			<string>SOURCE_ROOT</string>
		</dict>
		<key>731B62F2DF2038F14AF44854</key>
		<dict>
			<key>isa</key>
			<string>PBXFileReference</string>
			<key>lastKnownFileType</key>
			<string>text.plist.xml</string>
			<key>name</key>
			<string>Info.plist</string>
			<key>path</key>
			<string>Config/Info.plist</string>
			<key>sourceTree</key>
			<string>SOURCE_ROOT</string>
		</dict>
		<key>7694D4DD84EC4F1609E35578</key>
		<dict>
			<key>children</key>
			<array>
				<string>B88B6BE2C9E130641768BEAA</string>
				<string>CB3F19DCC72A53FB72C7E163</string>
				<string>FD2B13ACCF96B0B64E8CBECF</string>
				<string>D7E45C6762140337E37F6ABD</string>
				<string>72AEE0AE4D264862B45FEF93</string>
				<string>FCBD074A9F7E943BAA6317F9</string>
			</array>
			<key>isa</key>
			<string>PBXGroup</string>
			<key>name</key>
			<string>Services</string>
			<key>path</key>
			<string>Sources/GroktoDash/Services</string>
			<key>sourceTree</key>
			<string>SOURCE_ROOT</string>
		</dict>
		<key>78EDE1CBFC2B1C6AE070C75C</key>
		<dict>
			<key>isa</key>
			<string>PBXFileReference</string>
			<key>lastKnownFileType</key>
			<string>text.plist.xml</string>
			<key>name</key>
			<string>WidgetExtension-Info.plist</string>
			<key>path</key>
			<string>Config/WidgetExtension-Info.plist</string>
			<key>sourceTree</key>
			<string>SOURCE_ROOT</string>
		</dict>
		<key>7A7E7478C3952676DF19523B</key>
		<dict>
			<key>fileEncoding</key>
			<integer>4</integer>
			<key>isa</key>
			<string>PBXFileReference</string>
			<key>lastKnownFileType</key>
			<string>sourcecode.swift</string>
			<key>path</key>
			<string>Sources/GroktoDash/UI/Settings/GatewaySettingsView.swift</string>
			<key>sourceTree</key>
			<string>SOURCE_ROOT</string>
		</dict>
		<key>7D96A3419C52589F586E7F61</key>
		<dict>
			<key>explicitFileType</key>
			<string>wrapper.cfbundle</string>
			<key>includeInIndex</key>
			<integer>0</integer>
			<key>isa</key>
			<string>PBXFileReference</string>
			<key>path</key>
			<string>GroktoDashKitTests.xctest</string>
			<key>sourceTree</key>
			<string>BUILT_PRODUCTS_DIR</string>
		</dict>
		<key>7DAA2EAE7DFDF85641034438</key>
		<dict>
			<key>fileRef</key>
			<string>CB3F19DCC72A53FB72C7E163</string>
			<key>isa</key>
			<string>PBXBuildFile</string>
		</dict>
		<key>8153362A7ACDFB518F6D33E1</key>
		<dict>
			<key>fileEncoding</key>
			<integer>4</integer>
			<key>isa</key>
			<string>PBXFileReference</string>
			<key>lastKnownFileType</key>
			<string>sourcecode.swift</string>
			<key>path</key>
			<string>Sources/GroktoDashIntents/AskHermesIntent.swift</string>
			<key>sourceTree</key>
			<string>SOURCE_ROOT</string>
		</dict>
		<key>83908EC1118205F53012A2C5</key>
		<dict>
			<key>fileRef</key>
			<string>BA5ED1712EC560D2246D9AC1</string>
			<key>isa</key>
			<string>PBXBuildFile</string>
		</dict>
		<key>859D21E1D02A0ED21BF4DAA7</key>
		<dict>
			<key>children</key>
			<array>
				<string>88784528FF963F9DCF8B58B5</string>
			</array>
			<key>isa</key>
			<string>PBXGroup</string>
			<key>name</key>
			<string>Components</string>
			<key>path</key>
			<string>Sources/GroktoDash/UI/Components</string>
			<key>sourceTree</key>
			<string>SOURCE_ROOT</string>
		</dict>
		<key>88784528FF963F9DCF8B58B5</key>
		<dict>
			<key>fileEncoding</key>
			<integer>4</integer>
			<key>isa</key>
			<string>PBXFileReference</string>
			<key>lastKnownFileType</key>
			<string>sourcecode.swift</string>
			<key>path</key>
			<string>Sources/GroktoDash/UI/Components/MenuBarPopover.swift</string>
			<key>sourceTree</key>
			<string>SOURCE_ROOT</string>
		</dict>
		<key>8D73C1CE943925FD33287BF3</key>
		<dict>
			<key>fileRef</key>
			<string>FCBD074A9F7E943BAA6317F9</string>
			<key>isa</key>
			<string>PBXBuildFile</string>
		</dict>
		<key>90C1C9D5D2830E389DF8F965</key>
		<dict>
			<key>fileRef</key>
			<string>275126B31A5CC0CFC4AECCF3</string>
			<key>isa</key>
			<string>PBXBuildFile</string>
		</dict>
		<key>90C2F283CAD9FD7E1BC9742B</key>
		<dict>
			<key>fileEncoding</key>
			<integer>4</integer>
			<key>isa</key>
			<string>PBXFileReference</string>
			<key>lastKnownFileType</key>
			<string>sourcecode.swift</string>
			<key>path</key>
			<string>Sources/GroktoDashKit/API/SSESession.swift</string>
			<key>sourceTree</key>
			<string>SOURCE_ROOT</string>
		</dict>
		<key>919694DFADD567709C5A084E</key>
		<dict>
			<key>buildActionMask</key>
			<integer>2147483647</integer>
			<key>files</key>
			<array/>
			<key>isa</key>
			<string>PBXFrameworksBuildPhase</string>
			<key>runOnlyForDeploymentPostprocessing</key>
			<integer>0</integer>
		</dict>
		<key>927C1D6EEE4C10DC98FF5495</key>
		<dict>
			<key>buildSettings</key>
			<dict>
				<key>CODE_SIGN_ENTITLEMENTS</key>
				<string>Config/GroktoDash.entitlements</string>
				<key>CODE_SIGN_STYLE</key>
				<string>Automatic</string>
				<key>DEVELOPMENT_TEAM</key>
				<string></string>
				<key>ENABLE_HARDENED_RUNTIME</key>
				<string>YES</string>
				<key>INFOPLIST_FILE</key>
				<string>Config/Info.plist</string>
				<key>LD_RUNPATH_SEARCH_PATHS</key>
				<array>
					<string>@executable_path/../Frameworks</string>
					<string>@loader_path/../Frameworks</string>
				</array>
				<key>MACOSX_DEPLOYMENT_TARGET</key>
				<string>26.0</string>
				<key>PRODUCT_BUNDLE_IDENTIFIER</key>
				<string>com.groktopus.groktodash</string>
				<key>PRODUCT_NAME</key>
				<string>GroktoDash</string>
				<key>PROVISIONING_PROFILE_SPECIFIER</key>
				<string></string>
				<key>SWIFT_OPTIMIZATION_LEVEL</key>
				<string>-O</string>
				<key>SWIFT_VERSION</key>
				<string>6.0</string>
			</dict>
			<key>isa</key>
			<string>XCBuildConfiguration</string>
			<key>name</key>
			<string>Release</string>
		</dict>
		<key>95633DE9FB9036E1DDDABFB1</key>
		<dict>
			<key>containerPortal</key>
			<string>EC553E7FBC3AD0AD7AB94BDF</string>
			<key>isa</key>
			<string>PBXContainerItemProxy</string>
			<key>proxyType</key>
			<integer>1</integer>
			<key>remoteGlobalIDString</key>
			<string>C990DAA2F3B81D5F3CD63645</string>
			<key>remoteInfo</key>
			<string>GroktoDashIntents</string>
		</dict>
		<key>95ACA276582B8D240A91DD0D</key>
		<dict>
			<key>fileRef</key>
			<string>BFAFB8C5BB9BE8974DA80688</string>
			<key>isa</key>
			<string>PBXBuildFile</string>
		</dict>
		<key>96699F634ACEBA7691EDA318</key>
		<dict>
			<key>isa</key>
			<string>PBXTargetDependency</string>
			<key>target</key>
			<string>CE71573EA9DD75B2876091DE</string>
			<key>targetProxy</key>
			<string>35ACAC1BA15D4B6F1AD12A86</string>
		</dict>
		<key>96A71FB07759E254177E48AC</key>
		<dict>
			<key>buildConfigurationList</key>
			<string>C790658430D28BB4AB8B2045</string>
			<key>buildPhases</key>
			<array>
				<string>45697C5655A9D264FB5F79EB</string>
				<string>7218CE17ADBDCFB1E732BBE4</string>
				<string>EDEDBCED5AF9532EB4CACE24</string>
			</array>
			<key>buildRules</key>
			<array/>
			<key>dependencies</key>
			<array>
				<string>96699F634ACEBA7691EDA318</string>
			</array>
			<key>isa</key>
			<string>PBXNativeTarget</string>
			<key>name</key>
			<string>GroktoDashWidgets</string>
			<key>productName</key>
			<string>GroktoDashWidgets</string>
			<key>productReference</key>
			<string>B61A3311FEFCCEB86019687C</string>
			<key>productType</key>
			<string>com.apple.product-type.app-extension</string>
		</dict>
		<key>96B82B04F2E94B2C5CA4D962</key>
		<dict>
			<key>children</key>
			<array>
				<string>8153362A7ACDFB518F6D33E1</string>
			</array>
			<key>isa</key>
			<string>PBXGroup</string>
			<key>name</key>
			<string>GroktoDashIntents</string>
			<key>path</key>
			<string>Sources/GroktoDashIntents</string>
			<key>sourceTree</key>
			<string>SOURCE_ROOT</string>
		</dict>
		<key>974B4564B67E10A1D5394E5E</key>
		<dict>
			<key>buildActionMask</key>
			<integer>2147483647</integer>
			<key>files</key>
			<array>
				<string>210D9D6A9E79EA2D677C937A</string>
			</array>
			<key>isa</key>
			<string>PBXSourcesBuildPhase</string>
			<key>runOnlyForDeploymentPostprocessing</key>
			<integer>0</integer>
		</dict>
		<key>9CDD463BA8551E3954CE2F49</key>
		<dict>
			<key>buildActionMask</key>
			<integer>2147483647</integer>
			<key>files</key>
			<array/>
			<key>isa</key>
			<string>PBXFrameworksBuildPhase</string>
			<key>runOnlyForDeploymentPostprocessing</key>
			<integer>0</integer>
		</dict>
		<key>9D7C3FAD8CF4653FC6A3D810</key>
		<dict>
			<key>containerPortal</key>
			<string>EC553E7FBC3AD0AD7AB94BDF</string>
			<key>isa</key>
			<string>PBXContainerItemProxy</string>
			<key>proxyType</key>
			<integer>1</integer>
			<key>remoteGlobalIDString</key>
			<string>96A71FB07759E254177E48AC</string>
			<key>remoteInfo</key>
			<string>GroktoDashWidgets</string>
		</dict>
		<key>9F82E8F79FC5218CAC36BF79</key>
		<dict>
			<key>fileEncoding</key>
			<integer>4</integer>
			<key>isa</key>
			<string>PBXFileReference</string>
			<key>lastKnownFileType</key>
			<string>sourcecode.swift</string>
			<key>path</key>
			<string>Sources/GroktoDash/Models/DataStore.swift</string>
			<key>sourceTree</key>
			<string>SOURCE_ROOT</string>
		</dict>
		<key>A052F24A896840AAD2DA8A25</key>
		<dict>
			<key>buildSettings</key>
			<dict>
				<key>CODE_SIGN_STYLE</key>
				<string>Automatic</string>
				<key>DEVELOPMENT_TEAM</key>
				<string></string>
				<key>MACOSX_DEPLOYMENT_TARGET</key>
				<string>26.0</string>
				<key>PRODUCT_BUNDLE_IDENTIFIER</key>
				<string>com.groktopus.groktodash.tests</string>
				<key>PRODUCT_NAME</key>
				<string>GroktoDashKitTests</string>
				<key>PROVISIONING_PROFILE_SPECIFIER</key>
				<string></string>
				<key>SWIFT_OPTIMIZATION_LEVEL</key>
				<string>-O</string>
				<key>SWIFT_VERSION</key>
				<string>6.0</string>
			</dict>
			<key>isa</key>
			<string>XCBuildConfiguration</string>
			<key>name</key>
			<string>Release</string>
		</dict>
		<key>A0FC841603DB522BDA8FEF17</key>
		<dict>
			<key>fileRef</key>
			<string>9F82E8F79FC5218CAC36BF79</string>
			<key>isa</key>
			<string>PBXBuildFile</string>
		</dict>
		<key>A1676C08031EA84D34496A92</key>
		<dict>
			<key>isa</key>
			<string>PBXTargetDependency</string>
			<key>target</key>
			<string>96A71FB07759E254177E48AC</string>
			<key>targetProxy</key>
			<string>9D7C3FAD8CF4653FC6A3D810</string>
		</dict>
		<key>A3B9283A4D49B958B1668345</key>
		<dict>
			<key>fileRef</key>
			<string>CCC83F5A8C226160E41E0CEA</string>
			<key>isa</key>
			<string>PBXBuildFile</string>
		</dict>
		<key>A776CD1A952D814C416CAB94</key>
		<dict>
			<key>buildConfigurations</key>
			<array>
				<string>3A140DA2283DE8A885CE6EEC</string>
				<string>927C1D6EEE4C10DC98FF5495</string>
			</array>
			<key>defaultConfigurationIsVisible</key>
			<integer>0</integer>
			<key>defaultConfigurationName</key>
			<string>Release</string>
			<key>isa</key>
			<string>XCConfigurationList</string>
		</dict>
		<key>A9F8ED16CD97B63D8A12A4E4</key>
		<dict>
			<key>fileRef</key>
			<string>7A7E7478C3952676DF19523B</string>
			<key>isa</key>
			<string>PBXBuildFile</string>
		</dict>
		<key>AC05E2E1335817D53CD218AD</key>
		<dict>
			<key>buildSettings</key>
			<dict>
				<key>CODE_SIGN_ENTITLEMENTS</key>
				<string>Config/GroktoDashIntents.entitlements</string>
				<key>CODE_SIGN_STYLE</key>
				<string>Automatic</string>
				<key>DEVELOPMENT_TEAM</key>
				<string></string>
				<key>INFOPLIST_FILE</key>
				<string>Config/IntentsExtension-Info.plist</string>
				<key>MACOSX_DEPLOYMENT_TARGET</key>
				<string>26.0</string>
				<key>PRODUCT_BUNDLE_IDENTIFIER</key>
				<string>com.groktopus.groktodash.intents</string>
				<key>PRODUCT_NAME</key>
				<string>GroktoDashIntents</string>
				<key>PROVISIONING_PROFILE_SPECIFIER</key>
				<string></string>
				<key>SWIFT_OPTIMIZATION_LEVEL</key>
				<string>-O</string>
				<key>SWIFT_VERSION</key>
				<string>6.0</string>
			</dict>
			<key>isa</key>
			<string>XCBuildConfiguration</string>
			<key>name</key>
			<string>Release</string>
		</dict>
		<key>B61A3311FEFCCEB86019687C</key>
		<dict>
			<key>explicitFileType</key>
			<string>wrapper.app-extension</string>
			<key>includeInIndex</key>
			<integer>0</integer>
			<key>isa</key>
			<string>PBXFileReference</string>
			<key>path</key>
			<string>GroktoDashWidgets.appex</string>
			<key>sourceTree</key>
			<string>BUILT_PRODUCTS_DIR</string>
		</dict>
		<key>B63945C279F240FD246B319D</key>
		<dict>
			<key>children</key>
			<array>
				<string>13027B5EAD972072A48B8FD7</string>
				<string>B7A901CEB99A1DB585DB0FCE</string>
				<string>63C656737E8421638A464B9B</string>
				<string>33B39E8AEC15B0D705B5A05D</string>
			</array>
			<key>isa</key>
			<string>PBXGroup</string>
			<key>name</key>
			<string>GroktoDashKitTests</string>
			<key>path</key>
			<string>Tests/GroktoDashKitTests</string>
			<key>sourceTree</key>
			<string>SOURCE_ROOT</string>
		</dict>
		<key>B7A901CEB99A1DB585DB0FCE</key>
		<dict>
			<key>fileEncoding</key>
			<integer>4</integer>
			<key>isa</key>
			<string>PBXFileReference</string>
			<key>lastKnownFileType</key>
			<string>sourcecode.swift</string>
			<key>path</key>
			<string>Tests/GroktoDashKitTests/HermesClientTests.swift</string>
			<key>sourceTree</key>
			<string>SOURCE_ROOT</string>
		</dict>
		<key>B88B6BE2C9E130641768BEAA</key>
		<dict>
			<key>fileEncoding</key>
			<integer>4</integer>
			<key>isa</key>
			<string>PBXFileReference</string>
			<key>lastKnownFileType</key>
			<string>sourcecode.swift</string>
			<key>path</key>
			<string>Sources/GroktoDash/Services/EventBus+CSpotlight.swift</string>
			<key>sourceTree</key>
			<string>SOURCE_ROOT</string>
		</dict>
		<key>BA5ED1712EC560D2246D9AC1</key>
		<dict>
			<key>fileEncoding</key>
			<integer>4</integer>
			<key>isa</key>
			<string>PBXFileReference</string>
			<key>lastKnownFileType</key>
			<string>sourcecode.swift</string>
			<key>path</key>
			<string>Sources/GroktoDash/UI/Conversations/ConversationList.swift</string>
			<key>sourceTree</key>
			<string>SOURCE_ROOT</string>
		</dict>
		<key>BFAFB8C5BB9BE8974DA80688</key>
		<dict>
			<key>fileEncoding</key>
			<integer>4</integer>
			<key>isa</key>
			<string>PBXFileReference</string>
			<key>lastKnownFileType</key>
			<string>sourcecode.swift</string>
			<key>path</key>
			<string>Sources/GroktoDashKit/API/HermesClient.swift</string>
			<key>sourceTree</key>
			<string>SOURCE_ROOT</string>
		</dict>
		<key>C345455C5295E828210B7ABB</key>
		<dict>
			<key>buildActionMask</key>
			<integer>2147483647</integer>
			<key>files</key>
			<array/>
			<key>isa</key>
			<string>PBXResourcesBuildPhase</string>
			<key>runOnlyForDeploymentPostprocessing</key>
			<integer>0</integer>
		</dict>
		<key>C790658430D28BB4AB8B2045</key>
		<dict>
			<key>buildConfigurations</key>
			<array>
				<string>63DC17C4D44EE579D06C4591</string>
				<string>38936D2AD97B11FFBB5E8ADD</string>
			</array>
			<key>defaultConfigurationIsVisible</key>
			<integer>0</integer>
			<key>defaultConfigurationName</key>
			<string>Release</string>
			<key>isa</key>
			<string>XCConfigurationList</string>
		</dict>
		<key>C990DAA2F3B81D5F3CD63645</key>
		<dict>
			<key>buildConfigurationList</key>
			<string>E8FE82749C47A763ED02547B</string>
			<key>buildPhases</key>
			<array>
				<string>974B4564B67E10A1D5394E5E</string>
				<string>919694DFADD567709C5A084E</string>
				<string>FB42C7D1DEFDE9A3EB681C43</string>
			</array>
			<key>buildRules</key>
			<array/>
			<key>dependencies</key>
			<array/>
			<key>isa</key>
			<string>PBXNativeTarget</string>
			<key>name</key>
			<string>GroktoDashIntents</string>
			<key>productName</key>
			<string>GroktoDashIntents</string>
			<key>productReference</key>
			<string>D14CD2EEEF3C7BDC8CF49FF9</string>
			<key>productType</key>
			<string>com.apple.product-type.app-extension</string>
		</dict>
		<key>CB3F19DCC72A53FB72C7E163</key>
		<dict>
			<key>fileEncoding</key>
			<integer>4</integer>
			<key>isa</key>
			<string>PBXFileReference</string>
			<key>lastKnownFileType</key>
			<string>sourcecode.swift</string>
			<key>path</key>
			<string>Sources/GroktoDash/Services/EventBus+Notifications.swift</string>
			<key>sourceTree</key>
			<string>SOURCE_ROOT</string>
		</dict>
		<key>CCC83F5A8C226160E41E0CEA</key>
		<dict>
			<key>fileEncoding</key>
			<integer>4</integer>
			<key>isa</key>
			<string>PBXFileReference</string>
			<key>lastKnownFileType</key>
			<string>sourcecode.swift</string>
			<key>path</key>
			<string>Sources/GroktoDash/UI/Chat/InputBar.swift</string>
			<key>sourceTree</key>
			<string>SOURCE_ROOT</string>
		</dict>
		<key>CD0083DB771BA5E01041CC77</key>
		<dict>
			<key>isa</key>
			<string>PBXFileReference</string>
			<key>lastKnownFileType</key>
			<string>text.plist.entitlements</string>
			<key>name</key>
			<string>GroktoDashIntents.entitlements</string>
			<key>path</key>
			<string>Config/GroktoDashIntents.entitlements</string>
			<key>sourceTree</key>
			<string>SOURCE_ROOT</string>
		</dict>
		<key>CE71573EA9DD75B2876091DE</key>
		<dict>
			<key>buildConfigurationList</key>
			<string>0F7A650F857B0413C8D9A753</string>
			<key>buildPhases</key>
			<array>
				<string>53BC895137D50B2993A800FF</string>
				<string>9CDD463BA8551E3954CE2F49</string>
			</array>
			<key>buildRules</key>
			<array/>
			<key>dependencies</key>
			<array/>
			<key>isa</key>
			<string>PBXNativeTarget</string>
			<key>name</key>
			<string>GroktoDashKit</string>
			<key>productName</key>
			<string>GroktoDashKit</string>
			<key>productReference</key>
			<string>40E65BE2D3F7399154393E39</string>
			<key>productType</key>
			<string>com.apple.product-type.framework</string>
		</dict>
		<key>CEA8C222A1CC334099B7EA3A</key>
		<dict>
			<key>buildConfigurations</key>
			<array>
				<string>687469AC52203AA2B76465DB</string>
				<string>DC09B32B0B3BA3E12D622853</string>
			</array>
			<key>defaultConfigurationIsVisible</key>
			<integer>0</integer>
			<key>defaultConfigurationName</key>
			<string>Release</string>
			<key>isa</key>
			<string>XCConfigurationList</string>
		</dict>
		<key>D130ABC8275D344E59E62499</key>
		<dict>
			<key>buildActionMask</key>
			<integer>2147483647</integer>
			<key>files</key>
			<array/>
			<key>isa</key>
			<string>PBXFrameworksBuildPhase</string>
			<key>runOnlyForDeploymentPostprocessing</key>
			<integer>0</integer>
		</dict>
		<key>D14CD2EEEF3C7BDC8CF49FF9</key>
		<dict>
			<key>explicitFileType</key>
			<string>wrapper.app-extension</string>
			<key>includeInIndex</key>
			<integer>0</integer>
			<key>isa</key>
			<string>PBXFileReference</string>
			<key>path</key>
			<string>GroktoDashIntents.appex</string>
			<key>sourceTree</key>
			<string>BUILT_PRODUCTS_DIR</string>
		</dict>
		<key>D32C4243F3D24DCC7003E5A6</key>
		<dict>
			<key>fileEncoding</key>
			<integer>4</integer>
			<key>isa</key>
			<string>PBXFileReference</string>
			<key>lastKnownFileType</key>
			<string>sourcecode.swift</string>
			<key>path</key>
			<string>Sources/GroktoDashKit/API/AuthManager.swift</string>
			<key>sourceTree</key>
			<string>SOURCE_ROOT</string>
		</dict>
		<key>D371BB2002F873E43B7D1A47</key>
		<dict>
			<key>children</key>
			<array>
				<string>EBC0E86BE06983EA58B7AE49</string>
				<string>CCC83F5A8C226160E41E0CEA</string>
				<string>139FC5F89E4E553B8800C31E</string>
			</array>
			<key>isa</key>
			<string>PBXGroup</string>
			<key>name</key>
			<string>Chat</string>
			<key>path</key>
			<string>Sources/GroktoDash/UI/Chat</string>
			<key>sourceTree</key>
			<string>SOURCE_ROOT</string>
		</dict>
		<key>D3E21C82EA9F9337CFB2A55F</key>
		<dict>
			<key>explicitFileType</key>
			<string>wrapper.application</string>
			<key>includeInIndex</key>
			<integer>0</integer>
			<key>isa</key>
			<string>PBXFileReference</string>
			<key>path</key>
			<string>GroktoDash.app</string>
			<key>sourceTree</key>
			<string>BUILT_PRODUCTS_DIR</string>
		</dict>
		<key>D5A1635414CE37973EBE4A97</key>
		<dict>
			<key>fileRef</key>
			<string>FD2B13ACCF96B0B64E8CBECF</string>
			<key>isa</key>
			<string>PBXBuildFile</string>
		</dict>
		<key>D5D314E325126FEB5B655F38</key>
		<dict>
			<key>fileEncoding</key>
			<integer>4</integer>
			<key>isa</key>
			<string>PBXFileReference</string>
			<key>lastKnownFileType</key>
			<string>sourcecode.swift</string>
			<key>path</key>
			<string>Sources/GroktoDashKit/API/Models.swift</string>
			<key>sourceTree</key>
			<string>SOURCE_ROOT</string>
		</dict>
		<key>D69F1A294CA675C4B4122BEE</key>
		<dict>
			<key>children</key>
			<array>
				<string>9F82E8F79FC5218CAC36BF79</string>
			</array>
			<key>isa</key>
			<string>PBXGroup</string>
			<key>name</key>
			<string>Models</string>
			<key>path</key>
			<string>Sources/GroktoDash/Models</string>
			<key>sourceTree</key>
			<string>SOURCE_ROOT</string>
		</dict>
		<key>D7E45C6762140337E37F6ABD</key>
		<dict>
			<key>fileEncoding</key>
			<integer>4</integer>
			<key>isa</key>
			<string>PBXFileReference</string>
			<key>lastKnownFileType</key>
			<string>sourcecode.swift</string>
			<key>path</key>
			<string>Sources/GroktoDash/Services/EventBus+WidgetData.swift</string>
			<key>sourceTree</key>
			<string>SOURCE_ROOT</string>
		</dict>
		<key>DC09B32B0B3BA3E12D622853</key>
		<dict>
			<key>buildSettings</key>
			<dict>
				<key>CODE_SIGN_STYLE</key>
				<string>Automatic</string>
				<key>DEVELOPMENT_TEAM</key>
				<string></string>
				<key>MACOSX_DEPLOYMENT_TARGET</key>
				<string>26.0</string>
				<key>PROVISIONING_PROFILE_SPECIFIER</key>
				<string></string>
				<key>SWIFT_VERSION</key>
				<string>6.0</string>
			</dict>
			<key>isa</key>
			<string>XCBuildConfiguration</string>
			<key>name</key>
			<string>Release</string>
		</dict>
		<key>DEE2B47CD1693D5A4A9F19BF</key>
		<dict>
			<key>children</key>
			<array>
				<string>D32C4243F3D24DCC7003E5A6</string>
				<string>BFAFB8C5BB9BE8974DA80688</string>
				<string>D5D314E325126FEB5B655F38</string>
				<string>90C2F283CAD9FD7E1BC9742B</string>
			</array>
			<key>isa</key>
			<string>PBXGroup</string>
			<key>name</key>
			<string>API</string>
			<key>path</key>
			<string>Sources/GroktoDashKit/API</string>
			<key>sourceTree</key>
			<string>SOURCE_ROOT</string>
		</dict>
		<key>E5A9B67B25248CAE819A0FA1</key>
		<dict>
			<key>fileRef</key>
			<string>F27541423C4302241868876D</string>
			<key>isa</key>
			<string>PBXBuildFile</string>
		</dict>
		<key>E8FE82749C47A763ED02547B</key>
		<dict>
			<key>buildConfigurations</key>
			<array>
				<string>2D2E19073E5EDC49C3A6EBDD</string>
				<string>AC05E2E1335817D53CD218AD</string>
			</array>
			<key>defaultConfigurationIsVisible</key>
			<integer>0</integer>
			<key>defaultConfigurationName</key>
			<string>Release</string>
			<key>isa</key>
			<string>XCConfigurationList</string>
		</dict>
		<key>E99EA8E71A0E26C4858D0426</key>
		<dict>
			<key>children</key>
			<array>
				<string>7A7E7478C3952676DF19523B</string>
			</array>
			<key>isa</key>
			<string>PBXGroup</string>
			<key>name</key>
			<string>Settings</string>
			<key>path</key>
			<string>Sources/GroktoDash/UI/Settings</string>
			<key>sourceTree</key>
			<string>SOURCE_ROOT</string>
		</dict>
		<key>EB6D1533EDB8EB6B55A1CE69</key>
		<dict>
			<key>fileRef</key>
			<string>90C2F283CAD9FD7E1BC9742B</string>
			<key>isa</key>
			<string>PBXBuildFile</string>
		</dict>
		<key>EBC0E86BE06983EA58B7AE49</key>
		<dict>
			<key>fileEncoding</key>
			<integer>4</integer>
			<key>isa</key>
			<string>PBXFileReference</string>
			<key>lastKnownFileType</key>
			<string>sourcecode.swift</string>
			<key>path</key>
			<string>Sources/GroktoDash/UI/Chat/ChatView.swift</string>
			<key>sourceTree</key>
			<string>SOURCE_ROOT</string>
		</dict>
		<key>EBCAB713CFFD49CEB1E7ED6B</key>
		<dict>
			<key>children</key>
			<array>
				<string>F3A030CFA7C417A1DC124B13</string>
				<string>275126B31A5CC0CFC4AECCF3</string>
			</array>
			<key>isa</key>
			<string>PBXGroup</string>
			<key>name</key>
			<string>Runs</string>
			<key>path</key>
			<string>Sources/GroktoDash/UI/Runs</string>
			<key>sourceTree</key>
			<string>SOURCE_ROOT</string>
		</dict>
		<key>EC0766260DC2AED79D7B91DD</key>
		<dict>
			<key>children</key>
			<array>
				<string>D3E21C82EA9F9337CFB2A55F</string>
				<string>40E65BE2D3F7399154393E39</string>
				<string>B61A3311FEFCCEB86019687C</string>
				<string>D14CD2EEEF3C7BDC8CF49FF9</string>
				<string>7D96A3419C52589F586E7F61</string>
			</array>
			<key>isa</key>
			<string>PBXGroup</string>
			<key>name</key>
			<string>Products</string>
			<key>sourceTree</key>
			<string>&lt;group&gt;</string>
		</dict>
		<key>EC553E7FBC3AD0AD7AB94BDF</key>
		<dict>
			<key>attributes</key>
			<dict>
				<key>BuildIndependentTargetsInParallel</key>
				<integer>1</integer>
				<key>LastSwiftUpdateCheck</key>
				<integer>2600</integer>
				<key>LastUpgradeCheck</key>
				<integer>2600</integer>
			</dict>
			<key>buildConfigurationList</key>
			<string>CEA8C222A1CC334099B7EA3A</string>
			<key>compatibilityVersion</key>
			<string>Xcode 14.0</string>
			<key>developmentRegion</key>
			<string>en</string>
			<key>hasScannedForEncodings</key>
			<integer>0</integer>
			<key>isa</key>
			<string>PBXProject</string>
			<key>knownRegions</key>
			<array>
				<string>en</string>
				<string>Base</string>
			</array>
			<key>mainGroup</key>
			<string>0035FE99EA2940F7FA633A58</string>
			<key>productRefGroup</key>
			<string>EC0766260DC2AED79D7B91DD</string>
			<key>projectDirPath</key>
			<string></string>
			<key>projectRoot</key>
			<string></string>
			<key>targets</key>
			<array>
				<string>7271E4DA9FB2ABA18A494009</string>
				<string>CE71573EA9DD75B2876091DE</string>
				<string>96A71FB07759E254177E48AC</string>
				<string>C990DAA2F3B81D5F3CD63645</string>
				<string>259C3ADD413FB37B8AB7A647</string>
			</array>
		</dict>
		<key>EDEDBCED5AF9532EB4CACE24</key>
		<dict>
			<key>buildActionMask</key>
			<integer>2147483647</integer>
			<key>files</key>
			<array/>
			<key>isa</key>
			<string>PBXResourcesBuildPhase</string>
			<key>runOnlyForDeploymentPostprocessing</key>
			<integer>0</integer>
		</dict>
		<key>EE3D50FE1BCEE40FCA3F4A76</key>
		<dict>
			<key>isa</key>
			<string>PBXFileReference</string>
			<key>lastKnownFileType</key>
			<string>text.plist.entitlements</string>
			<key>name</key>
			<string>GroktoDash.entitlements</string>
			<key>path</key>
			<string>Config/GroktoDash.entitlements</string>
			<key>sourceTree</key>
			<string>SOURCE_ROOT</string>
		</dict>
		<key>F054627E4EDAA7CF3593EA53</key>
		<dict>
			<key>buildActionMask</key>
			<integer>2147483647</integer>
			<key>dstPath</key>
			<string></string>
			<key>dstSubfolderSpec</key>
			<integer>10</integer>
			<key>files</key>
			<array>
				<string>504FA684CB8E564DC9328C96</string>
			</array>
			<key>isa</key>
			<string>PBXCopyFilesBuildPhase</string>
			<key>runOnlyForDeploymentPostprocessing</key>
			<integer>0</integer>
		</dict>
		<key>F22131082D19254ECE752CCF</key>
		<dict>
			<key>buildActionMask</key>
			<integer>2147483647</integer>
			<key>files</key>
			<array>
				<string>3B769F161BCF79EA93DB2321</string>
				<string>1D9CA6DB068E9CE47073771F</string>
				<string>69636026700CD684940CEB47</string>
				<string>F9963E1D315D4878BAF84CA4</string>
			</array>
			<key>isa</key>
			<string>PBXSourcesBuildPhase</string>
			<key>runOnlyForDeploymentPostprocessing</key>
			<integer>0</integer>
		</dict>
		<key>F27541423C4302241868876D</key>
		<dict>
			<key>fileEncoding</key>
			<integer>4</integer>
			<key>isa</key>
			<string>PBXFileReference</string>
			<key>lastKnownFileType</key>
			<string>sourcecode.swift</string>
			<key>path</key>
			<string>Sources/GroktoDashWidgets/GroktoDashWidgets.swift</string>
			<key>sourceTree</key>
			<string>SOURCE_ROOT</string>
		</dict>
		<key>F3A030CFA7C417A1DC124B13</key>
		<dict>
			<key>fileEncoding</key>
			<integer>4</integer>
			<key>isa</key>
			<string>PBXFileReference</string>
			<key>lastKnownFileType</key>
			<string>sourcecode.swift</string>
			<key>path</key>
			<string>Sources/GroktoDash/UI/Runs/ApprovalSheet.swift</string>
			<key>sourceTree</key>
			<string>SOURCE_ROOT</string>
		</dict>
		<key>F5C2C131B412C2486643C15E</key>
		<dict>
			<key>buildActionMask</key>
			<integer>2147483647</integer>
			<key>dstPath</key>
			<string></string>
			<key>dstSubfolderSpec</key>
			<integer>13</integer>
			<key>files</key>
			<array/>
			<key>isa</key>
			<string>PBXCopyFilesBuildPhase</string>
			<key>runOnlyForDeploymentPostprocessing</key>
			<integer>0</integer>
		</dict>
		<key>F9963E1D315D4878BAF84CA4</key>
		<dict>
			<key>fileRef</key>
			<string>33B39E8AEC15B0D705B5A05D</string>
			<key>isa</key>
			<string>PBXBuildFile</string>
		</dict>
		<key>FB42C7D1DEFDE9A3EB681C43</key>
		<dict>
			<key>buildActionMask</key>
			<integer>2147483647</integer>
			<key>files</key>
			<array/>
			<key>isa</key>
			<string>PBXResourcesBuildPhase</string>
			<key>runOnlyForDeploymentPostprocessing</key>
			<integer>0</integer>
		</dict>
		<key>FCBD074A9F7E943BAA6317F9</key>
		<dict>
			<key>fileEncoding</key>
			<integer>4</integer>
			<key>isa</key>
			<string>PBXFileReference</string>
			<key>lastKnownFileType</key>
			<string>sourcecode.swift</string>
			<key>path</key>
			<string>Sources/GroktoDash/Services/Updater.swift</string>
			<key>sourceTree</key>
			<string>SOURCE_ROOT</string>
		</dict>
		<key>FD2B13ACCF96B0B64E8CBECF</key>
		<dict>
			<key>fileEncoding</key>
			<integer>4</integer>
			<key>isa</key>
			<string>PBXFileReference</string>
			<key>lastKnownFileType</key>
			<string>sourcecode.swift</string>
			<key>path</key>
			<string>Sources/GroktoDash/Services/EventBus+Signpost.swift</string>
			<key>sourceTree</key>
			<string>SOURCE_ROOT</string>
		</dict>
	</dict>
	<key>rootObject</key>
	<string>EC553E7FBC3AD0AD7AB94BDF</string>
</dict>
</plist>
